{
    "_readme": [
        "This file locks the dependencies of your project to a known state",
        "Read more about it at https://getcomposer.org/doc/01-basic-usage.md#installing-dependencies",
        "This file is @generated automatically"
    ],
    "content-hash": "296f0d1ad657820f384614e1247253d6",
    "packages": [
        {
            "name": "openpolitics/twfyapi",
            "version": "v2.0.3",
            "source": {
                "type": "git",
                "url": "https://github.com/openpolitics/twfyapi.git",
                "reference": "63760a90b77f78de5da18636a6d2142141803704"
            },
            "dist": {
                "type": "zip",
                "url": "https://api.github.com/repos/openpolitics/twfyapi/zipball/63760a90b77f78de5da18636a6d2142141803704",
                "reference": "63760a90b77f78de5da18636a6d2142141803704",
                "shasum": ""
            },
            "require": {
                "php": ">=5.5.0"
            },
            "type": "library",
            "autoload": {
                "psr-4": {
                    "OpenPolitics\\TWFYAPI\\": "src/"
                }
            },
            "notification-url": "https://packagist.org/downloads/",
            "license": [
                "MIT"
            ],
            "authors": [
                {
                    "name": "Ruben Arakelyan",
                    "email": "ruben@arakelyan.uk",
                    "homepage": "https://ruben.arakelyan.uk/",
                    "role": "Developer"
                }
            ],
            "description": "PHP wrappers for the TheyWorkForYou.com and OpenAustralia.org.au APIs",
            "homepage": "https://github.com/openpolitics/twfyapi",
            "keywords": [
                "api",
                "openaustralia",
                "php",
                "theyworkforyou"
            ],
            "support": {
                "source": "https://github.com/openpolitics/twfyapi/tree/v2.0.3"
            },
            "time": "2021-12-01T16:11:43+00:00"
        }
    ],
    "packages-dev": [],
    "aliases": [],
    "minimum-stability": "stable",
    "stability-flags": [],
    "prefer-stable": false,
    "prefer-lowest": false,
    "platform": [],
    "platform-dev": [],
    "plugin-api-version": "2.1.0"
}
